
Microsoft Visual Studio Solution File, Format Version 12.00
# Visual Studio 14
VisualStudioVersion = 14.0.23107.0
MinimumVisualStudioVersion = 10.0.40219.1
Project("{CC5FD16D-436D-48AD-A40C-5A424C6E3E79}") = "AzureCloudService1", "AzureCloudService1\AzureCloudService1.ccproj", "{9A4C7235-2848-4E27-8780-77F1CA553F43}"
EndProject
Project("{FAE04EC0-301F-11D3-BF4B-00C04F79EFBC}") = "WebRole1", "WebRole1\WebRole1.csproj", "{DBB4A2AA-7C38-4DE4-B27C-B2DF2F2232AF}"
EndProject
Global
	GlobalSection(SolutionConfigurationPlatforms) = preSolution
		Debug|Any CPU = Debug|Any CPU
		Release|Any CPU = Release|Any CPU
	EndGlobalSection
	GlobalSection(ProjectConfigurationPlatforms) = postSolution
		{9A4C7235-2848-4E27-8780-77F1CA553F43}.Debug|Any CPU.ActiveCfg = Debug|Any CPU
		{9A4C7235-2848-4E27-8780-77F1CA553F43}.Debug|Any CPU.Build.0 = Debug|Any CPU
		{9A4C7235-2848-4E27-8780-77F1CA553F43}.Release|Any CPU.ActiveCfg = Release|Any CPU
		{9A4C7235-2848-4E27-8780-77F1CA553F43}.Release|Any CPU.Build.0 = Release|Any CPU
		{DBB4A2AA-7C38-4DE4-B27C-B2DF2F2232AF}.Debug|Any CPU.ActiveCfg = Debug|Any CPU
		{DBB4A2AA-7C38-4DE4-B27C-B2DF2F2232AF}.Debug|Any CPU.Build.0 = Debug|Any CPU
		{DBB4A2AA-7C38-4DE4-B27C-B2DF2F2232AF}.Release|Any CPU.ActiveCfg = Release|Any CPU
		{DBB4A2AA-7C38-4DE4-B27C-B2DF2F2232AF}.Release|Any CPU.Build.0 = Release|Any CPU
	EndGlobalSection
	GlobalSection(SolutionProperties) = preSolution
		HideSolutionNode = FALSE
	EndGlobalSection
EndGlobal
